// !$*UTF8*$!
{
	archiveVersion = 1;
	classes = {
	};
	objectVersion = 51;
	objects = {

/* Begin PBXBuildFile section */
		4ABFADB0E3B3D2D230EE94E0 /* Pods_EasyMeet.framework in Frameworks */ = {isa = PBXBuildFile; fileRef = 9C266D0B3C429A35B0E6586A /* Pods_EasyMeet.framework */; };
		9F1F64A124DD375B00BFF983 /* GoogleService-Info.plist in Resources */ = {isa = PBXBuildFile; fileRef = 9F1F64A024DD375B00BFF983 /* GoogleService-Info.plist */; };
		9F955B672500D9CE009D56B2 /* WelcomeViewController.swift in Sources */ = {isa = PBXBuildFile; fileRef = 9F955B662500D9CE009D56B2 /* WelcomeViewController.swift */; };
		9F955B692500D9E1009D56B2 /* RegisterViewController.swift in Sources */ = {isa = PBXBuildFile; fileRef = 9F955B682500D9E1009D56B2 /* RegisterViewController.swift */; };
		9F980F5724DC02C100538178 /* AppDelegate.swift in Sources */ = {isa = PBXBuildFile; fileRef = 9F980F5624DC02C100538178 /* AppDelegate.swift */; };
		9F980F5924DC02C100538178 /* SceneDelegate.swift in Sources */ = {isa = PBXBuildFile; fileRef = 9F980F5824DC02C100538178 /* SceneDelegate.swift */; };
		9F980F5E24DC02C100538178 /* Main.storyboard in Resources */ = {isa = PBXBuildFile; fileRef = 9F980F5C24DC02C100538178 /* Main.storyboard */; };
		9F980F6024DC02C700538178 /* Assets.xcassets in Resources */ = {isa = PBXBuildFile; fileRef = 9F980F5F24DC02C700538178 /* Assets.xcassets */; };
		9F980F6324DC02C700538178 /* LaunchScreen.storyboard in Resources */ = {isa = PBXBuildFile; fileRef = 9F980F6124DC02C700538178 /* LaunchScreen.storyboard */; };
/* End PBXBuildFile section */

/* Begin PBXFileReference section */
		47046D8CC3EAA7EB8867570A /* Pods-EasyMeet.release.xcconfig */ = {isa = PBXFileReference; includeInIndex = 1; lastKnownFileType = text.xcconfig; name = "Pods-EasyMeet.release.xcconfig"; path = "Target Support Files/Pods-EasyMeet/Pods-EasyMeet.release.xcconfig"; sourceTree = "<group>"; };
		9C266D0B3C429A35B0E6586A /* Pods_EasyMeet.framework */ = {isa = PBXFileReference; explicitFileType = wrapper.framework; includeInIndex = 0; path = Pods_EasyMeet.framework; sourceTree = BUILT_PRODUCTS_DIR; };
		9F1F64A024DD375B00BFF983 /* GoogleService-Info.plist */ = {isa = PBXFileReference; fileEncoding = 4; lastKnownFileType = text.plist.xml; path = "GoogleService-Info.plist"; sourceTree = "<group>"; };
		9F955B662500D9CE009D56B2 /* WelcomeViewController.swift */ = {isa = PBXFileReference; lastKnownFileType = sourcecode.swift; path = WelcomeViewController.swift; sourceTree = "<group>"; };
		9F955B682500D9E1009D56B2 /* RegisterViewController.swift */ = {isa = PBXFileReference; lastKnownFileType = sourcecode.swift; path = RegisterViewController.swift; sourceTree = "<group>"; };
		9F980F5324DC02C100538178 /* EasyMeet.app */ = {isa = PBXFileReference; explicitFileType = wrapper.application; includeInIndex = 0; path = EasyMeet.app; sourceTree = BUILT_PRODUCTS_DIR; };
		9F980F5624DC02C100538178 /* AppDelegate.swift */ = {isa = PBXFileReference; lastKnownFileType = sourcecode.swift; path = AppDelegate.swift; sourceTree = "<group>"; };
		9F980F5824DC02C100538178 /* SceneDelegate.swift */ = {isa = PBXFileReference; lastKnownFileType = sourcecode.swift; path = SceneDelegate.swift; sourceTree = "<group>"; };
		9F980F5D24DC02C100538178 /* Base */ = {isa = PBXFileReference; lastKnownFileType = file.storyboard; name = Base; path = Base.lproj/Main.storyboard; sourceTree = "<group>"; };
		9F980F5F24DC02C700538178 /* Assets.xcassets */ = {isa = PBXFileReference; lastKnownFileType = folder.assetcatalog; path = Assets.xcassets; sourceTree = "<group>"; };
		9F980F6224DC02C700538178 /* Base */ = {isa = PBXFileReference; lastKnownFileType = file.storyboard; name = Base; path = Base.lproj/LaunchScreen.storyboard; sourceTree = "<group>"; };
		9F980F6424DC02C700538178 /* Info.plist */ = {isa = PBXFileReference; lastKnownFileType = text.plist.xml; path = Info.plist; sourceTree = "<group>"; };
		CC192A0D9B7B375EA9C92186 /* Pods-EasyMeet.debug.xcconfig */ = {isa = PBXFileReference; includeInIndex = 1; lastKnownFileType = text.xcconfig; name = "Pods-EasyMeet.debug.xcconfig"; path = "Target Support Files/Pods-EasyMeet/Pods-EasyMeet.debug.xcconfig"; sourceTree = "<group>"; };
/* End PBXFileReference section */

/* Begin PBXFrameworksBuildPhase section */
		9F980F5024DC02C100538178 /* Frameworks */ = {
			isa = PBXFrameworksBuildPhase;
			buildActionMask = 2147483647;
			files = (
				4ABFADB0E3B3D2D230EE94E0 /* Pods_EasyMeet.framework in Frameworks */,
			);
			runOnlyForDeploymentPostprocessing = 0;
		};
/* End PBXFrameworksBuildPhase section */

/* Begin PBXGroup section */
		9F980F4A24DC02C100538178 = {
			isa = PBXGroup;
			children = (
				9F980F5524DC02C100538178 /* EasyMeet */,
				9F980F5424DC02C100538178 /* Products */,
				E3600049C4F9A333FA1553E8 /* Pods */,
				E9162F34513F159A22743C44 /* Frameworks */,
			);
			sourceTree = "<group>";
		};
		9F980F5424DC02C100538178 /* Products */ = {
			isa = PBXGroup;
			children = (
				9F980F5324DC02C100538178 /* EasyMeet.app */,
			);
			name = Products;
			sourceTree = "<group>";
		};
		9F980F5524DC02C100538178 /* EasyMeet */ = {
			isa = PBXGroup;
			children = (
				9F980F5624DC02C100538178 /* AppDelegate.swift */,
				9F980F5824DC02C100538178 /* SceneDelegate.swift */,
				9F980F5C24DC02C100538178 /* Main.storyboard */,
				9F980F5F24DC02C700538178 /* Assets.xcassets */,
				9F980F6124DC02C700538178 /* LaunchScreen.storyboard */,
				9F980F6424DC02C700538178 /* Info.plist */,
				9F1F64A024DD375B00BFF983 /* GoogleService-Info.plist */,
				9F955B662500D9CE009D56B2 /* WelcomeViewController.swift */,
				9F955B682500D9E1009D56B2 /* RegisterViewController.swift */,
			);
			path = EasyMeet;
			sourceTree = "<group>";
		};
		E3600049C4F9A333FA1553E8 /* Pods */ = {
			isa = PBXGroup;
			children = (
				CC192A0D9B7B375EA9C92186 /* Pods-EasyMeet.debug.xcconfig */,
				47046D8CC3EAA7EB8867570A /* Pods-EasyMeet.release.xcconfig */,
			);
			path = Pods;
			sourceTree = "<group>";
		};
		E9162F34513F159A22743C44 /* Frameworks */ = {
			isa = PBXGroup;
			children = (
				9C266D0B3C429A35B0E6586A /* Pods_EasyMeet.framework */,
			);
			name = Frameworks;
			sourceTree = "<group>";
		};
/* End PBXGroup section */

/* Begin PBXNativeTarget section */
		9F980F5224DC02C100538178 /* EasyMeet */ = {
			isa = PBXNativeTarget;
			buildConfigurationList = 9F980F6724DC02C700538178 /* Build configuration list for PBXNativeTarget "EasyMeet" */;
			buildPhases = (
				F89B7CAE7C52467C254665FA /* [CP] Check Pods Manifest.lock */,
				9F980F4F24DC02C100538178 /* Sources */,
				9F980F5024DC02C100538178 /* Frameworks */,
				9F980F5124DC02C100538178 /* Resources */,
				6B50C2E3623CD035EA7B443B /* [CP] Embed Pods Frameworks */,
			);
			buildRules = (
			);
			dependencies = (
			);
			name = EasyMeet;
			productName = EasyMeet;
			productReference = 9F980F5324DC02C100538178 /* EasyMeet.app */;
			productType = "com.apple.product-type.application";
		};
/* End PBXNativeTarget section */

/* Begin PBXProject section */
		9F980F4B24DC02C100538178 /* Project object */ = {
			isa = PBXProject;
			attributes = {
				LastSwiftUpdateCheck = 1200;
				LastUpgradeCheck = 1200;
				TargetAttributes = {
					9F980F5224DC02C100538178 = {
						CreatedOnToolsVersion = 12.0;
					};
				};
			};
			buildConfigurationList = 9F980F4E24DC02C100538178 /* Build configuration list for PBXProject "EasyMeet" */;
			compatibilityVersion = "Xcode 9.3";
			developmentRegion = en;
			hasScannedForEncodings = 0;
			knownRegions = (
				en,
				Base,
			);
			mainGroup = 9F980F4A24DC02C100538178;
			productRefGroup = 9F980F5424DC02C100538178 /* Products */;
			projectDirPath = "";
			projectRoot = "";
			targets = (
				9F980F5224DC02C100538178 /* EasyMeet */,
			);
		};
/* End PBXProject section */

/* Begin PBXResourcesBuildPhase section */
		9F980F5124DC02C100538178 /* Resources */ = {
			isa = PBXResourcesBuildPhase;
			buildActionMask = 2147483647;
			files = (
				9F980F6324DC02C700538178 /* LaunchScreen.storyboard in Resources */,
				9F1F64A124DD375B00BFF983 /* GoogleService-Info.plist in Resources */,
				9F980F6024DC02C700538178 /* Assets.xcassets in Resources */,
				9F980F5E24DC02C100538178 /* Main.storyboard in Resources */,
			);
			runOnlyForDeploymentPostprocessing = 0;
		};
/* End PBXResourcesBuildPhase section */

/* Begin PBXShellScriptBuildPhase section */
		6B50C2E3623CD035EA7B443B /* [CP] Embed Pods Frameworks */ = {
			isa = PBXShellScriptBuildPhase;
			buildActionMask = 2147483647;
			files = (
			);
			inputFileListPaths = (
				"${PODS_ROOT}/Target Support Files/Pods-EasyMeet/Pods-EasyMeet-frameworks-${CONFIGURATION}-input-files.xcfilelist",
			);
			name = "[CP] Embed Pods Frameworks";
			outputFileListPaths = (
				"${PODS_ROOT}/Target Support Files/Pods-EasyMeet/Pods-EasyMeet-frameworks-${CONFIGURATION}-output-files.xcfilelist",
			);
			runOnlyForDeploymentPostprocessing = 0;
			shellPath = /bin/sh;
			shellScript = "\"${PODS_ROOT}/Target Support Files/Pods-EasyMeet/Pods-EasyMeet-frameworks.sh\"\n";
			showEnvVarsInLog = 0;
		};
		F89B7CAE7C52467C254665FA /* [CP] Check Pods Manifest.lock */ = {
			isa = PBXShellScriptBuildPhase;
			buildActionMask = 2147483647;
			files = (
			);
			inputFileListPaths = (
			);
			inputPaths = (
				"${PODS_PODFILE_DIR_PATH}/Podfile.lock",
				"${PODS_ROOT}/Manifest.lock",
			);
			name = "[CP] Check Pods Manifest.lock";
			outputFileListPaths = (
			);
			outputPaths = (
				"$(DERIVED_FILE_DIR)/Pods-EasyMeet-checkManifestLockResult.txt",
			);
			runOnlyForDeploymentPostprocessing = 0;
			shellPath = /bin/sh;
			shellScript = "diff \"${PODS_PODFILE_DIR_PATH}/Podfile.lock\" \"${PODS_ROOT}/Manifest.lock\" > /dev/null\nif [ $? != 0 ] ; then\n    # print error to STDERR\n    echo \"error: The sandbox is not in sync with the Podfile.lock. Run 'pod install' or update your CocoaPods installation.\" >&2\n    exit 1\nfi\n# This output is used by Xcode 'outputs' to avoid re-running this script phase.\necho \"SUCCESS\" > \"${SCRIPT_OUTPUT_FILE_0}\"\n";
			showEnvVarsInLog = 0;
		};
/* End PBXShellScriptBuildPhase section */

/* Begin PBXSourcesBuildPhase section */
		9F980F4F24DC02C100538178 /* Sources */ = {
			isa = PBXSourcesBuildPhase;
			buildActionMask = 2147483647;
			files = (
				9F955B672500D9CE009D56B2 /* WelcomeViewController.swift in Sources */,
				9F980F5724DC02C100538178 /* AppDelegate.swift in Sources */,
				9F980F5924DC02C100538178 /* SceneDelegate.swift in Sources */,
				9F955B692500D9E1009D56B2 /* RegisterViewController.swift in Sources */,
			);
			runOnlyForDeploymentPostprocessing = 0;
		};
/* End PBXSourcesBuildPhase section */

/* Begin PBXVariantGroup section */
		9F980F5C24DC02C100538178 /* Main.storyboard */ = {
			isa = PBXVariantGroup;
			children = (
				9F980F5D24DC02C100538178 /* Base */,
			);
			name = Main.storyboard;
			sourceTree = "<group>";
		};
		9F980F6124DC02C700538178 /* LaunchScreen.storyboard */ = {
			isa = PBXVariantGroup;
			children = (
				9F980F6224DC02C700538178 /* Base */,
			);
			name = LaunchScreen.storyboard;
			sourceTree = "<group>";
		};
/* End PBXVariantGroup section */

/* Begin XCBuildConfiguration section */
		9F980F6524DC02C700538178 /* Debug */ = {
			isa = XCBuildConfiguration;
			buildSettings = {
				ALWAYS_SEARCH_USER_PATHS = NO;
				CLANG_ANALYZER_NONNULL = YES;
				CLANG_ANALYZER_NUMBER_OBJECT_CONVERSION = YES_AGGRESSIVE;
				CLANG_CXX_LANGUAGE_STANDARD = "gnu++14";
				CLANG_CXX_LIBRARY = "libc++";
				CLANG_ENABLE_MODULES = YES;
				CLANG_ENABLE_OBJC_ARC = YES;
				CLANG_ENABLE_OBJC_WEAK = YES;
				CLANG_WARN_BLOCK_CAPTURE_AUTORELEASING = YES;
				CLANG_WARN_BOOL_CONVERSION = YES;
				CLANG_WARN_COMMA = YES;
				CLANG_WARN_CONSTANT_CONVERSION = YES;
				CLANG_WARN_DEPRECATED_OBJC_IMPLEMENTATIONS = YES;
				CLANG_WARN_DIRECT_OBJC_ISA_USAGE = YES_ERROR;
				CLANG_WARN_DOCUMENTATION_COMMENTS = YES;
				CLANG_WARN_EMPTY_BODY = YES;
				CLANG_WARN_ENUM_CONVERSION = YES;
				CLANG_WARN_INFINITE_RECURSION = YES;
				CLANG_WARN_INT_CONVERSION = YES;
				CLANG_WARN_NON_LITERAL_NULL_CONVERSION = YES;
				CLANG_WARN_OBJC_IMPLICIT_RETAIN_SELF = YES;
				CLANG_WARN_OBJC_LITERAL_CONVERSION = YES;
				CLANG_WARN_OBJC_ROOT_CLASS = YES_ERROR;
				CLANG_WARN_QUOTED_INCLUDE_IN_FRAMEWORK_HEADER = YES;
				CLANG_WARN_RANGE_LOOP_ANALYSIS = YES;
				CLANG_WARN_STRICT_PROTOTYPES = YES;
				CLANG_WARN_SUSPICIOUS_MOVE = YES;
				CLANG_WARN_UNGUARDED_AVAILABILITY = YES_AGGRESSIVE;
				CLANG_WARN_UNREACHABLE_CODE = YES;
				CLANG_WARN__DUPLICATE_METHOD_MATCH = YES;
				COPY_PHASE_STRIP = NO;
				DEBUG_INFORMATION_FORMAT = dwarf;
				ENABLE_STRICT_OBJC_MSGSEND = YES;
				ENABLE_TESTABILITY = YES;
				GCC_C_LANGUAGE_STANDARD = gnu11;
				GCC_DYNAMIC_NO_PIC = NO;
				GCC_NO_COMMON_BLOCKS = YES;
				GCC_OPTIMIZATION_LEVEL = 0;
				GCC_PREPROCESSOR_DEFINITIONS = (
					"DEBUG=1",
					"$(inherited)",
				);
				GCC_WARN_64_TO_32_BIT_CONVERSION = YES;
				GCC_WARN_ABOUT_RETURN_TYPE = YES_ERROR;
				GCC_WARN_UNDECLARED_SELECTOR = YES;
				GCC_WARN_UNINITIALIZED_AUTOS = YES_AGGRESSIVE;
				GCC_WARN_UNUSED_FUNCTION = YES;
				GCC_WARN_UNUSED_VARIABLE = YES;
				IPHONEOS_DEPLOYMENT_TARGET = 14.0;
				MTL_ENABLE_DEBUG_INFO = INCLUDE_SOURCE;
				MTL_FAST_MATH = YES;
				ONLY_ACTIVE_ARCH = YES;
				SDKROOT = iphoneos;
				SWIFT_ACTIVE_COMPILATION_CONDITIONS = DEBUG;
				SWIFT_OPTIMIZATION_LEVEL = "-Onone";
			};
			name = Debug;
		};
		9F980F6624DC02C700538178 /* Release */ = {
			isa = XCBuildConfiguration;
			buildSettings = {
				ALWAYS_SEARCH_USER_PATHS = NO;
				CLANG_ANALYZER_NONNULL = YES;
				CLANG_ANALYZER_NUMBER_OBJECT_CONVERSION = YES_AGGRESSIVE;
				CLANG_CXX_LANGUAGE_STANDARD = "gnu++14";
				CLANG_CXX_LIBRARY = "libc++";
				CLANG_ENABLE_MODULES = YES;
				CLANG_ENABLE_OBJC_ARC = YES;
				CLANG_ENABLE_OBJC_WEAK = YES;
				CLANG_WARN_BLOCK_CAPTURE_AUTORELEASING = YES;
				CLANG_WARN_BOOL_CONVERSION = YES;
				CLANG_WARN_COMMA = YES;
				CLANG_WARN_CONSTANT_CONVERSION = YES;
				CLANG_WARN_DEPRECATED_OBJC_IMPLEMENTATIONS = YES;
				CLANG_WARN_DIRECT_OBJC_ISA_USAGE = YES_ERROR;
				CLANG_WARN_DOCUMENTATION_COMMENTS = YES;
				CLANG_WARN_EMPTY_BODY = YES;
				CLANG_WARN_ENUM_CONVERSION = YES;
				CLANG_WARN_INFINITE_RECURSION = YES;
				CLANG_WARN_INT_CONVERSION = YES;
				CLANG_WARN_NON_LITERAL_NULL_CONVERSION = YES;
				CLANG_WARN_OBJC_IMPLICIT_RETAIN_SELF = YES;
				CLANG_WARN_OBJC_LITERAL_CONVERSION = YES;
				CLANG_WARN_OBJC_ROOT_CLASS = YES_ERROR;
				CLANG_WARN_QUOTED_INCLUDE_IN_FRAMEWORK_HEADER = YES;
				CLANG_WARN_RANGE_LOOP_ANALYSIS = YES;
				CLANG_WARN_STRICT_PROTOTYPES = YES;
				CLANG_WARN_SUSPICIOUS_MOVE = YES;
				CLANG_WARN_UNGUARDED_AVAILABILITY = YES_AGGRESSIVE;
				CLANG_WARN_UNREACHABLE_CODE = YES;
				CLANG_WARN__DUPLICATE_METHOD_MATCH = YES;
				COPY_PHASE_STRIP = NO;
				DEBUG_INFORMATION_FORMAT = "dwarf-with-dsym";
				ENABLE_NS_ASSERTIONS = NO;
				ENABLE_STRICT_OBJC_MSGSEND = YES;
				GCC_C_LANGUAGE_STANDARD = gnu11;
				GCC_NO_COMMON_BLOCKS = YES;
				GCC_WARN_64_TO_32_BIT_CONVERSION = YES;
				GCC_WARN_ABOUT_RETURN_TYPE = YES_ERROR;
				GCC_WARN_UNDECLARED_SELECTOR = YES;
				GCC_WARN_UNINITIALIZED_AUTOS = YES_AGGRESSIVE;
				GCC_WARN_UNUSED_FUNCTION = YES;
				GCC_WARN_UNUSED_VARIABLE = YES;
				IPHONEOS_DEPLOYMENT_TARGET = 14.0;
				MTL_ENABLE_DEBUG_INFO = NO;
				MTL_FAST_MATH = YES;
				SDKROOT = iphoneos;
				SWIFT_COMPILATION_MODE = wholemodule;
				SWIFT_OPTIMIZATION_LEVEL = "-O";
				VALIDATE_PRODUCT = YES;
			};
			name = Release;
		};
		9F980F6824DC02C700538178 /* Debug */ = {
			isa = XCBuildConfiguration;
			baseConfigurationReference = CC192A0D9B7B375EA9C92186 /* Pods-EasyMeet.debug.xcconfig */;
			buildSettings = {
				ASSETCATALOG_COMPILER_APPICON_NAME = AppIcon;
				ASSETCATALOG_COMPILER_GLOBAL_ACCENT_COLOR_NAME = AccentColor;
				CODE_SIGN_STYLE = Automatic;
				DEVELOPMENT_TEAM = 4L2695C228;
				INFOPLIST_FILE = EasyMeet/Info.plist;
				LD_RUNPATH_SEARCH_PATHS = (
					"$(inherited)",
					"@executable_path/Frameworks",
				);
				PRODUCT_BUNDLE_IDENTIFIER = com.Ted.H.EasyMeet;
				PRODUCT_NAME = "$(TARGET_NAME)";
				SWIFT_VERSION = 5.0;
				TARGETED_DEVICE_FAMILY = 1;
			};
			name = Debug;
		};
		9F980F6924DC02C700538178 /* Release */ = {
			isa = XCBuildConfiguration;
			baseConfigurationReference = 47046D8CC3EAA7EB8867570A /* Pods-EasyMeet.release.xcconfig */;
			buildSettings = {
				ASSETCATALOG_COMPILER_APPICON_NAME = AppIcon;
				ASSETCATALOG_COMPILER_GLOBAL_ACCENT_COLOR_NAME = AccentColor;
				CODE_SIGN_STYLE = Automatic;
				DEVELOPMENT_TEAM = 4L2695C228;
				INFOPLIST_FILE = EasyMeet/Info.plist;
				LD_RUNPATH_SEARCH_PATHS = (
					"$(inherited)",
					"@executable_path/Frameworks",
				);
				PRODUCT_BUNDLE_IDENTIFIER = com.Ted.H.EasyMeet;
				PRODUCT_NAME = "$(TARGET_NAME)";
				SWIFT_VERSION = 5.0;
				TARGETED_DEVICE_FAMILY = 1;
			};
			name = Release;
		};
/* End XCBuildConfiguration section */

/* Begin XCConfigurationList section */
		9F980F4E24DC02C100538178 /* Build configuration list for PBXProject "EasyMeet" */ = {
			isa = XCConfigurationList;
			buildConfigurations = (
				9F980F6524DC02C700538178 /* Debug */,
				9F980F6624DC02C700538178 /* Release */,
			);
			defaultConfigurationIsVisible = 0;
			defaultConfigurationName = Release;
		};
		9F980F6724DC02C700538178 /* Build configuration list for PBXNativeTarget "EasyMeet" */ = {
			isa = XCConfigurationList;
			buildConfigurations = (
				9F980F6824DC02C700538178 /* Debug */,
				9F980F6924DC02C700538178 /* Release */,
			);
			defaultConfigurationIsVisible = 0;
			defaultConfigurationName = Release;
		};
/* End XCConfigurationList section */
	};
	rootObject = 9F980F4B24DC02C100538178 /* Project object */;
}
